
Microsoft Visual Studio Solution File, Format Version 12.00
# Visual Studio 15
VisualStudioVersion = 15.0.27428.2015
MinimumVisualStudioVersion = 10.0.40219.1
Project("{8BC9CEB8-8B4A-11D0-8D11-00A0C91BC942}") = "Exercise 3", "Exercise 3\Exercise 3.vcxproj", "{DBF33E5A-FAC4-49CD-9137-28552C9E89EF}"
EndProject
Global
	GlobalSection(SolutionConfigurationPlatforms) = preSolution
		Debug|x64 = Debug|x64
		Debug|x86 = Debug|x86
		Release|x64 = Release|x64
		Release|x86 = Release|x86
	EndGlobalSection
	GlobalSection(ProjectConfigurationPlatforms) = postSolution
		{DBF33E5A-FAC4-49CD-9137-28552C9E89EF}.Debug|x64.ActiveCfg = Debug|x64
		{DBF33E5A-FAC4-49CD-9137-28552C9E89EF}.Debug|x64.Build.0 = Debug|x64
		{DBF33E5A-FAC4-49CD-9137-28552C9E89EF}.Debug|x86.ActiveCfg = Debug|Win32
		{DBF33E5A-FAC4-49CD-9137-28552C9E89EF}.Debug|x86.Build.0 = Debug|Win32
		{DBF33E5A-FAC4-49CD-9137-28552C9E89EF}.Release|x64.ActiveCfg = Release|x64
		{DBF33E5A-FAC4-49CD-9137-28552C9E89EF}.Release|x64.Build.0 = Release|x64
		{DBF33E5A-FAC4-49CD-9137-28552C9E89EF}.Release|x86.ActiveCfg = Release|Win32
		{DBF33E5A-FAC4-49CD-9137-28552C9E89EF}.Release|x86.Build.0 = Release|Win32
	EndGlobalSection
	GlobalSection(SolutionProperties) = preSolution
		HideSolutionNode = FALSE
	EndGlobalSection
	GlobalSection(ExtensibilityGlobals) = postSolution
		SolutionGuid = {5BC34BD2-4C78-48DA-84E9-23483D0C6974}
	EndGlobalSection
EndGlobal
