
Microsoft Visual Studio Solution File, Format Version 12.00
# Visual Studio 15
VisualStudioVersion = 15.0.27428.2015
MinimumVisualStudioVersion = 10.0.40219.1
Project("{8BC9CEB8-8B4A-11D0-8D11-00A0C91BC942}") = "Exercise 5", "Exercise 5\Exercise 5.vcxproj", "{577C49A6-97E8-4826-AB34-5176C07DA9F1}"
EndProject
Global
	GlobalSection(SolutionConfigurationPlatforms) = preSolution
		Debug|x64 = Debug|x64
		Debug|x86 = Debug|x86
		Release|x64 = Release|x64
		Release|x86 = Release|x86
	EndGlobalSection
	GlobalSection(ProjectConfigurationPlatforms) = postSolution
		{577C49A6-97E8-4826-AB34-5176C07DA9F1}.Debug|x64.ActiveCfg = Debug|x64
		{577C49A6-97E8-4826-AB34-5176C07DA9F1}.Debug|x64.Build.0 = Debug|x64
		{577C49A6-97E8-4826-AB34-5176C07DA9F1}.Debug|x86.ActiveCfg = Debug|Win32
		{577C49A6-97E8-4826-AB34-5176C07DA9F1}.Debug|x86.Build.0 = Debug|Win32
		{577C49A6-97E8-4826-AB34-5176C07DA9F1}.Release|x64.ActiveCfg = Release|x64
		{577C49A6-97E8-4826-AB34-5176C07DA9F1}.Release|x64.Build.0 = Release|x64
		{577C49A6-97E8-4826-AB34-5176C07DA9F1}.Release|x86.ActiveCfg = Release|Win32
		{577C49A6-97E8-4826-AB34-5176C07DA9F1}.Release|x86.Build.0 = Release|Win32
	EndGlobalSection
	GlobalSection(SolutionProperties) = preSolution
		HideSolutionNode = FALSE
	EndGlobalSection
	GlobalSection(ExtensibilityGlobals) = postSolution
		SolutionGuid = {97FC4454-7333-4065-8905-1FCA5C557153}
	EndGlobalSection
EndGlobal
