
Microsoft Visual Studio Solution File, Format Version 12.00
# Visual Studio 15
VisualStudioVersion = 15.0.27428.2015
MinimumVisualStudioVersion = 10.0.40219.1
Project("{8BC9CEB8-8B4A-11D0-8D11-00A0C91BC942}") = "Exercise 6", "Exercise 6\Exercise 6.vcxproj", "{35752028-B2C5-4169-8A6D-E158DDC0CCF3}"
EndProject
Global
	GlobalSection(SolutionConfigurationPlatforms) = preSolution
		Debug|x64 = Debug|x64
		Debug|x86 = Debug|x86
		Release|x64 = Release|x64
		Release|x86 = Release|x86
	EndGlobalSection
	GlobalSection(ProjectConfigurationPlatforms) = postSolution
		{35752028-B2C5-4169-8A6D-E158DDC0CCF3}.Debug|x64.ActiveCfg = Debug|x64
		{35752028-B2C5-4169-8A6D-E158DDC0CCF3}.Debug|x64.Build.0 = Debug|x64
		{35752028-B2C5-4169-8A6D-E158DDC0CCF3}.Debug|x86.ActiveCfg = Debug|Win32
		{35752028-B2C5-4169-8A6D-E158DDC0CCF3}.Debug|x86.Build.0 = Debug|Win32
		{35752028-B2C5-4169-8A6D-E158DDC0CCF3}.Release|x64.ActiveCfg = Release|x64
		{35752028-B2C5-4169-8A6D-E158DDC0CCF3}.Release|x64.Build.0 = Release|x64
		{35752028-B2C5-4169-8A6D-E158DDC0CCF3}.Release|x86.ActiveCfg = Release|Win32
		{35752028-B2C5-4169-8A6D-E158DDC0CCF3}.Release|x86.Build.0 = Release|Win32
	EndGlobalSection
	GlobalSection(SolutionProperties) = preSolution
		HideSolutionNode = FALSE
	EndGlobalSection
	GlobalSection(ExtensibilityGlobals) = postSolution
		SolutionGuid = {2897B70F-942B-4094-9A90-EC85E59B47D9}
	EndGlobalSection
EndGlobal
