
Microsoft Visual Studio Solution File, Format Version 12.00
# Visual Studio 15
VisualStudioVersion = 15.0.27428.2015
MinimumVisualStudioVersion = 10.0.40219.1
Project("{8BC9CEB8-8B4A-11D0-8D11-00A0C91BC942}") = "Exercise 3", "Exercise 3\Exercise 3.vcxproj", "{D135D6FB-F8AF-4430-8E95-85F1AAD8D636}"
EndProject
Global
	GlobalSection(SolutionConfigurationPlatforms) = preSolution
		Debug|x64 = Debug|x64
		Debug|x86 = Debug|x86
		Release|x64 = Release|x64
		Release|x86 = Release|x86
	EndGlobalSection
	GlobalSection(ProjectConfigurationPlatforms) = postSolution
		{D135D6FB-F8AF-4430-8E95-85F1AAD8D636}.Debug|x64.ActiveCfg = Debug|x64
		{D135D6FB-F8AF-4430-8E95-85F1AAD8D636}.Debug|x64.Build.0 = Debug|x64
		{D135D6FB-F8AF-4430-8E95-85F1AAD8D636}.Debug|x86.ActiveCfg = Debug|Win32
		{D135D6FB-F8AF-4430-8E95-85F1AAD8D636}.Debug|x86.Build.0 = Debug|Win32
		{D135D6FB-F8AF-4430-8E95-85F1AAD8D636}.Release|x64.ActiveCfg = Release|x64
		{D135D6FB-F8AF-4430-8E95-85F1AAD8D636}.Release|x64.Build.0 = Release|x64
		{D135D6FB-F8AF-4430-8E95-85F1AAD8D636}.Release|x86.ActiveCfg = Release|Win32
		{D135D6FB-F8AF-4430-8E95-85F1AAD8D636}.Release|x86.Build.0 = Release|Win32
	EndGlobalSection
	GlobalSection(SolutionProperties) = preSolution
		HideSolutionNode = FALSE
	EndGlobalSection
	GlobalSection(ExtensibilityGlobals) = postSolution
		SolutionGuid = {34A3B578-FA44-4195-BF4F-F69C2B850163}
	EndGlobalSection
EndGlobal
