
Microsoft Visual Studio Solution File, Format Version 12.00
# Visual Studio 15
VisualStudioVersion = 15.0.27428.2015
MinimumVisualStudioVersion = 10.0.40219.1
Project("{8BC9CEB8-8B4A-11D0-8D11-00A0C91BC942}") = "Exercise 1", "Exercise 1\Exercise 1.vcxproj", "{077F55D2-EFB6-4B94-AF53-A8ED5FD43681}"
EndProject
Global
	GlobalSection(SolutionConfigurationPlatforms) = preSolution
		Debug|x64 = Debug|x64
		Debug|x86 = Debug|x86
		Release|x64 = Release|x64
		Release|x86 = Release|x86
	EndGlobalSection
	GlobalSection(ProjectConfigurationPlatforms) = postSolution
		{077F55D2-EFB6-4B94-AF53-A8ED5FD43681}.Debug|x64.ActiveCfg = Debug|x64
		{077F55D2-EFB6-4B94-AF53-A8ED5FD43681}.Debug|x64.Build.0 = Debug|x64
		{077F55D2-EFB6-4B94-AF53-A8ED5FD43681}.Debug|x86.ActiveCfg = Debug|Win32
		{077F55D2-EFB6-4B94-AF53-A8ED5FD43681}.Debug|x86.Build.0 = Debug|Win32
		{077F55D2-EFB6-4B94-AF53-A8ED5FD43681}.Release|x64.ActiveCfg = Release|x64
		{077F55D2-EFB6-4B94-AF53-A8ED5FD43681}.Release|x64.Build.0 = Release|x64
		{077F55D2-EFB6-4B94-AF53-A8ED5FD43681}.Release|x86.ActiveCfg = Release|Win32
		{077F55D2-EFB6-4B94-AF53-A8ED5FD43681}.Release|x86.Build.0 = Release|Win32
	EndGlobalSection
	GlobalSection(SolutionProperties) = preSolution
		HideSolutionNode = FALSE
	EndGlobalSection
	GlobalSection(ExtensibilityGlobals) = postSolution
		SolutionGuid = {83957B2C-8D53-4FCB-8E22-9311268962D4}
	EndGlobalSection
EndGlobal
